
Microsoft Visual Studio Solution File, Format Version 12.00
# Visual Studio 15
Project("{FAE04EC0-301F-11D3-BF4B-00C04F79EFBC}") = "TechJobs", "TechJobs.csproj", "{A3DF5C04-907D-43A4-BBC9-BD538223A325}"
EndProject
Global
	GlobalSection(SolutionConfigurationPlatforms) = preSolution
		Debug|Any CPU = Debug|Any CPU
		Release|Any CPU = Release|Any CPU
	EndGlobalSection
	GlobalSection(ProjectConfigurationPlatforms) = postSolution
		{A3DF5C04-907D-43A4-BBC9-BD538223A325}.Debug|Any CPU.ActiveCfg = Debug|Any CPU
		{A3DF5C04-907D-43A4-BBC9-BD538223A325}.Debug|Any CPU.Build.0 = Debug|Any CPU
		{A3DF5C04-907D-43A4-BBC9-BD538223A325}.Release|Any CPU.ActiveCfg = Release|Any CPU
		{A3DF5C04-907D-43A4-BBC9-BD538223A325}.Release|Any CPU.Build.0 = Release|Any CPU
	EndGlobalSection
EndGlobal
